{
  "version": 4,
  "terraform_version": "1.5.4",
  "serial": 1,
  "lineage": "acb2e316-02dd-e72e-393c-ade0a0ec91f7",
  "outputs": {},
  "resources": [
    {
      "mode": "managed",
      "type": "local_file",
      "name": "foo",
      "provider": "provider[\"registry.terraform.io/hashicorp/local\"]",
      "instances": [
        {
          "schema_version": 0,
          "attributes": {
            "content": "This is a local text file, created using Terraform.",
            "content_base64": null,
            "content_base64sha256": "Huuh6SQvd7wzykUP5K/vQpv/u54ofsdSP99vjzAMrBY=",
            "content_base64sha512": "zJN334O4PljAvJ9t+PDf87vJDGU6v+MyUQ3eQVdv7YjR3tIq4Cua/Hl6lGhg+b9gCBjQc23pqJYXRBz1wTVwxQ==",
            "content_md5": "8df4e5c288cec1fdb1cd9c63a26768af",
            "content_sha1": "31481f88dc23e0697d08de84bc0624838b8e7b8e",
            "content_sha256": "1eeba1e9242f77bc33ca450fe4afef429bffbb9e287ec7523fdf6f8f300cac16",
            "content_sha512": "cc9377df83b83e58c0bc9f6df8f0dff3bbc90c653abfe332510dde41576fed88d1ded22ae02b9afc797a946860f9bf600818d0736de9a89617441cf5c13570c5",
            "directory_permission": "0777",
            "file_permission": "0777",
            "filename": "./files/terraform-local-file.txt",
            "id": "31481f88dc23e0697d08de84bc0624838b8e7b8e",
            "sensitive_content": null,
            "source": null
          },
          "sensitive_attributes": []
        }
      ]
    }
  ],
  "check_results": null
}
